
Microsoft Visual Studio Solution File, Format Version 12.00
# Visual Studio Version 17
VisualStudioVersion = 17.10.35122.118
MinimumVisualStudioVersion = 10.0.40219.1
Project("{FAE04EC0-301F-11D3-BF4B-00C04F79EFBC}") = "TODO", "TODO\TODO.csproj", "{A5976CCE-B7F2-4B21-A7E6-06226F5E9F6A}"
EndProject
Global
	GlobalSection(SolutionConfigurationPlatforms) = preSolution
		Debug|Any CPU = Debug|Any CPU
		Release|Any CPU = Release|Any CPU
	EndGlobalSection
	GlobalSection(ProjectConfigurationPlatforms) = postSolution
		{A5976CCE-B7F2-4B21-A7E6-06226F5E9F6A}.Debug|Any CPU.ActiveCfg = Debug|Any CPU
		{A5976CCE-B7F2-4B21-A7E6-06226F5E9F6A}.Debug|Any CPU.Build.0 = Debug|Any CPU
		{A5976CCE-B7F2-4B21-A7E6-06226F5E9F6A}.Release|Any CPU.ActiveCfg = Release|Any CPU
		{A5976CCE-B7F2-4B21-A7E6-06226F5E9F6A}.Release|Any CPU.Build.0 = Release|Any CPU
	EndGlobalSection
	GlobalSection(SolutionProperties) = preSolution
		HideSolutionNode = FALSE
	EndGlobalSection
	GlobalSection(ExtensibilityGlobals) = postSolution
		SolutionGuid = {9CD70DA6-D81C-44BC-839B-B54CC627487F}
	EndGlobalSection
EndGlobal
